// !$*UTF8*$!
{
	archiveVersion = 1;
	classes = {
	};
	objectVersion = 46;
	objects = {

/* Begin PBXBuildFile section */
		BB1027A51C2449AC0064B1A6 /* AppDelegate.swift in Sources */ = {isa = PBXBuildFile; fileRef = BB1027A41C2449AC0064B1A6 /* AppDelegate.swift */; };
		BB1027A71C2449AC0064B1A6 /* ViewController.swift in Sources */ = {isa = PBXBuildFile; fileRef = BB1027A61C2449AC0064B1A6 /* ViewController.swift */; };
		BB1027AA1C2449AC0064B1A6 /* Main.storyboard in Resources */ = {isa = PBXBuildFile; fileRef = BB1027A81C2449AC0064B1A6 /* Main.storyboard */; };
		BB1027AC1C2449AC0064B1A6 /* Assets.xcassets in Resources */ = {isa = PBXBuildFile; fileRef = BB1027AB1C2449AC0064B1A6 /* Assets.xcassets */; };
		BB1027AF1C2449AC0064B1A6 /* LaunchScreen.storyboard in Resources */ = {isa = PBXBuildFile; fileRef = BB1027AD1C2449AC0064B1A6 /* LaunchScreen.storyboard */; };
/* End PBXBuildFile section */

/* Begin PBXFileReference section */
		BB1027A11C2449AC0064B1A6 /* PMCircleButton.app */ = {isa = PBXFileReference; explicitFileType = wrapper.application; includeInIndex = 0; path = PMCircleButton.app; sourceTree = BUILT_PRODUCTS_DIR; };
		BB1027A41C2449AC0064B1A6 /* AppDelegate.swift */ = {isa = PBXFileReference; lastKnownFileType = sourcecode.swift; path = AppDelegate.swift; sourceTree = "<group>"; };
		BB1027A61C2449AC0064B1A6 /* ViewController.swift */ = {isa = PBXFileReference; lastKnownFileType = sourcecode.swift; path = ViewController.swift; sourceTree = "<group>"; };
		BB1027A91C2449AC0064B1A6 /* Base */ = {isa = PBXFileReference; lastKnownFileType = file.storyboard; name = Base; path = Base.lproj/Main.storyboard; sourceTree = "<group>"; };
		BB1027AB1C2449AC0064B1A6 /* Assets.xcassets */ = {isa = PBXFileReference; lastKnownFileType = folder.assetcatalog; path = Assets.xcassets; sourceTree = "<group>"; };
		BB1027AE1C2449AC0064B1A6 /* Base */ = {isa = PBXFileReference; lastKnownFileType = file.storyboard; name = Base; path = Base.lproj/LaunchScreen.storyboard; sourceTree = "<group>"; };
		BB1027B01C2449AC0064B1A6 /* Info.plist */ = {isa = PBXFileReference; lastKnownFileType = text.plist.xml; path = Info.plist; sourceTree = "<group>"; };
/* End PBXFileReference section */

/* Begin PBXFrameworksBuildPhase section */
		BB10279E1C2449AC0064B1A6 /* Frameworks */ = {
			isa = PBXFrameworksBuildPhase;
			buildActionMask = 2147483647;
			files = (
			);
			runOnlyForDeploymentPostprocessing = 0;
		};
/* End PBXFrameworksBuildPhase section */

/* Begin PBXGroup section */
		BB1027981C2449AC0064B1A6 = {
			isa = PBXGroup;
			children = (
				BB1027A31C2449AC0064B1A6 /* PMCircleButton */,
				BB1027A21C2449AC0064B1A6 /* Products */,
			);
			sourceTree = "<group>";
		};
		BB1027A21C2449AC0064B1A6 /* Products */ = {
			isa = PBXGroup;
			children = (
				BB1027A11C2449AC0064B1A6 /* PMCircleButton.app */,
			);
			name = Products;
			sourceTree = "<group>";
		};
		BB1027A31C2449AC0064B1A6 /* PMCircleButton */ = {
			isa = PBXGroup;
			children = (
				BB1027A41C2449AC0064B1A6 /* AppDelegate.swift */,
				BB1027A61C2449AC0064B1A6 /* ViewController.swift */,
				BB1027A81C2449AC0064B1A6 /* Main.storyboard */,
				BB1027AB1C2449AC0064B1A6 /* Assets.xcassets */,
				BB1027AD1C2449AC0064B1A6 /* LaunchScreen.storyboard */,
				BB1027B01C2449AC0064B1A6 /* Info.plist */,
			);
			path = PMCircleButton;
			sourceTree = "<group>";
		};
/* End PBXGroup section */

/* Begin PBXNativeTarget section */
		BB1027A01C2449AC0064B1A6 /* PMCircleButton */ = {
			isa = PBXNativeTarget;
			buildConfigurationList = BB1027B31C2449AC0064B1A6 /* Build configuration list for PBXNativeTarget "PMCircleButton" */;
			buildPhases = (
				BB10279D1C2449AC0064B1A6 /* Sources */,
				BB10279E1C2449AC0064B1A6 /* Frameworks */,
				BB10279F1C2449AC0064B1A6 /* Resources */,
			);
			buildRules = (
			);
			dependencies = (
			);
			name = PMCircleButton;
			productName = PMCircleButton;
			productReference = BB1027A11C2449AC0064B1A6 /* PMCircleButton.app */;
			productType = "com.apple.product-type.application";
		};
/* End PBXNativeTarget section */

/* Begin PBXProject section */
		BB1027991C2449AC0064B1A6 /* Project object */ = {
			isa = PBXProject;
			attributes = {
				LastSwiftUpdateCheck = 0720;
				LastUpgradeCheck = 0720;
				ORGANIZATIONNAME = Peymayesh;
				TargetAttributes = {
					BB1027A01C2449AC0064B1A6 = {
						CreatedOnToolsVersion = 7.2;
						DevelopmentTeam = 8LXZR2U2H9;
					};
				};
			};
			buildConfigurationList = BB10279C1C2449AC0064B1A6 /* Build configuration list for PBXProject "PMCircleButton" */;
			compatibilityVersion = "Xcode 3.2";
			developmentRegion = English;
			hasScannedForEncodings = 0;
			knownRegions = (
				en,
				Base,
			);
			mainGroup = BB1027981C2449AC0064B1A6;
			productRefGroup = BB1027A21C2449AC0064B1A6 /* Products */;
			projectDirPath = "";
			projectRoot = "";
			targets = (
				BB1027A01C2449AC0064B1A6 /* PMCircleButton */,
			);
		};
/* End PBXProject section */

/* Begin PBXResourcesBuildPhase section */
		BB10279F1C2449AC0064B1A6 /* Resources */ = {
			isa = PBXResourcesBuildPhase;
			buildActionMask = 2147483647;
			files = (
				BB1027AF1C2449AC0064B1A6 /* LaunchScreen.storyboard in Resources */,
				BB1027AC1C2449AC0064B1A6 /* Assets.xcassets in Resources */,
				BB1027AA1C2449AC0064B1A6 /* Main.storyboard in Resources */,
			);
			runOnlyForDeploymentPostprocessing = 0;
		};
/* End PBXResourcesBuildPhase section */

/* Begin PBXSourcesBuildPhase section */
		BB10279D1C2449AC0064B1A6 /* Sources */ = {
			isa = PBXSourcesBuildPhase;
			buildActionMask = 2147483647;
			files = (
				BB1027A71C2449AC0064B1A6 /* ViewController.swift in Sources */,
				BB1027A51C2449AC0064B1A6 /* AppDelegate.swift in Sources */,
			);
			runOnlyForDeploymentPostprocessing = 0;
		};
/* End PBXSourcesBuildPhase section */

/* Begin PBXVariantGroup section */
		BB1027A81C2449AC0064B1A6 /* Main.storyboard */ = {
			isa = PBXVariantGroup;
			children = (
				BB1027A91C2449AC0064B1A6 /* Base */,
			);
			name = Main.storyboard;
			sourceTree = "<group>";
		};
		BB1027AD1C2449AC0064B1A6 /* LaunchScreen.storyboard */ = {
			isa = PBXVariantGroup;
			children = (
				BB1027AE1C2449AC0064B1A6 /* Base */,
			);
			name = LaunchScreen.storyboard;
			sourceTree = "<group>";
		};
/* End PBXVariantGroup section */

/* Begin XCBuildConfiguration section */
		BB1027B11C2449AC0064B1A6 /* Debug */ = {
			isa = XCBuildConfiguration;
			buildSettings = {
				ALWAYS_SEARCH_USER_PATHS = NO;
				CLANG_CXX_LANGUAGE_STANDARD = "gnu++0x";
				CLANG_CXX_LIBRARY = "libc++";
				CLANG_ENABLE_MODULES = YES;
				CLANG_ENABLE_OBJC_ARC = YES;
				CLANG_WARN_BOOL_CONVERSION = YES;
				CLANG_WARN_CONSTANT_CONVERSION = YES;
				CLANG_WARN_DIRECT_OBJC_ISA_USAGE = YES_ERROR;
				CLANG_WARN_EMPTY_BODY = YES;
				CLANG_WARN_ENUM_CONVERSION = YES;
				CLANG_WARN_INT_CONVERSION = YES;
				CLANG_WARN_OBJC_ROOT_CLASS = YES_ERROR;
				CLANG_WARN_UNREACHABLE_CODE = YES;
				CLANG_WARN__DUPLICATE_METHOD_MATCH = YES;
				"CODE_SIGN_IDENTITY[sdk=iphoneos*]" = "iPhone Developer";
				COPY_PHASE_STRIP = NO;
				DEBUG_INFORMATION_FORMAT = dwarf;
				ENABLE_STRICT_OBJC_MSGSEND = YES;
				ENABLE_TESTABILITY = YES;
				GCC_C_LANGUAGE_STANDARD = gnu99;
				GCC_DYNAMIC_NO_PIC = NO;
				GCC_NO_COMMON_BLOCKS = YES;
				GCC_OPTIMIZATION_LEVEL = 0;
				GCC_PREPROCESSOR_DEFINITIONS = (
					"DEBUG=1",
					"$(inherited)",
				);
				GCC_WARN_64_TO_32_BIT_CONVERSION = YES;
				GCC_WARN_ABOUT_RETURN_TYPE = YES_ERROR;
				GCC_WARN_UNDECLARED_SELECTOR = YES;
				GCC_WARN_UNINITIALIZED_AUTOS = YES_AGGRESSIVE;
				GCC_WARN_UNUSED_FUNCTION = YES;
				GCC_WARN_UNUSED_VARIABLE = YES;
				IPHONEOS_DEPLOYMENT_TARGET = 9.2;
				MTL_ENABLE_DEBUG_INFO = YES;
				ONLY_ACTIVE_ARCH = YES;
				SDKROOT = iphoneos;
				SWIFT_OPTIMIZATION_LEVEL = "-Onone";
				TARGETED_DEVICE_FAMILY = "1,2";
			};
			name = Debug;
		};
		BB1027B21C2449AC0064B1A6 /* Release */ = {
			isa = XCBuildConfiguration;
			buildSettings = {
				ALWAYS_SEARCH_USER_PATHS = NO;
				CLANG_CXX_LANGUAGE_STANDARD = "gnu++0x";
				CLANG_CXX_LIBRARY = "libc++";
				CLANG_ENABLE_MODULES = YES;
				CLANG_ENABLE_OBJC_ARC = YES;
				CLANG_WARN_BOOL_CONVERSION = YES;
				CLANG_WARN_CONSTANT_CONVERSION = YES;
				CLANG_WARN_DIRECT_OBJC_ISA_USAGE = YES_ERROR;
				CLANG_WARN_EMPTY_BODY = YES;
				CLANG_WARN_ENUM_CONVERSION = YES;
				CLANG_WARN_INT_CONVERSION = YES;
				CLANG_WARN_OBJC_ROOT_CLASS = YES_ERROR;
				CLANG_WARN_UNREACHABLE_CODE = YES;
				CLANG_WARN__DUPLICATE_METHOD_MATCH = YES;
				"CODE_SIGN_IDENTITY[sdk=iphoneos*]" = "iPhone Developer";
				COPY_PHASE_STRIP = NO;
				DEBUG_INFORMATION_FORMAT = "dwarf-with-dsym";
				ENABLE_NS_ASSERTIONS = NO;
				ENABLE_STRICT_OBJC_MSGSEND = YES;
				GCC_C_LANGUAGE_STANDARD = gnu99;
				GCC_NO_COMMON_BLOCKS = YES;
				GCC_WARN_64_TO_32_BIT_CONVERSION = YES;
				GCC_WARN_ABOUT_RETURN_TYPE = YES_ERROR;
				GCC_WARN_UNDECLARED_SELECTOR = YES;
				GCC_WARN_UNINITIALIZED_AUTOS = YES_AGGRESSIVE;
				GCC_WARN_UNUSED_FUNCTION = YES;
				GCC_WARN_UNUSED_VARIABLE = YES;
				IPHONEOS_DEPLOYMENT_TARGET = 9.2;
				MTL_ENABLE_DEBUG_INFO = NO;
				SDKROOT = iphoneos;
				TARGETED_DEVICE_FAMILY = "1,2";
				VALIDATE_PRODUCT = YES;
			};
			name = Release;
		};
		BB1027B41C2449AC0064B1A6 /* Debug */ = {
			isa = XCBuildConfiguration;
			buildSettings = {
				ASSETCATALOG_COMPILER_APPICON_NAME = AppIcon;
				INFOPLIST_FILE = PMCircleButton/Info.plist;
				LD_RUNPATH_SEARCH_PATHS = "$(inherited) @executable_path/Frameworks";
				PRODUCT_BUNDLE_IDENTIFIER = PM.PMCircleButton;
				PRODUCT_NAME = "$(TARGET_NAME)";
			};
			name = Debug;
		};
		BB1027B51C2449AC0064B1A6 /* Release */ = {
			isa = XCBuildConfiguration;
			buildSettings = {
				ASSETCATALOG_COMPILER_APPICON_NAME = AppIcon;
				INFOPLIST_FILE = PMCircleButton/Info.plist;
				LD_RUNPATH_SEARCH_PATHS = "$(inherited) @executable_path/Frameworks";
				PRODUCT_BUNDLE_IDENTIFIER = PM.PMCircleButton;
				PRODUCT_NAME = "$(TARGET_NAME)";
			};
			name = Release;
		};
/* End XCBuildConfiguration section */

/* Begin XCConfigurationList section */
		BB10279C1C2449AC0064B1A6 /* Build configuration list for PBXProject "PMCircleButton" */ = {
			isa = XCConfigurationList;
			buildConfigurations = (
				BB1027B11C2449AC0064B1A6 /* Debug */,
				BB1027B21C2449AC0064B1A6 /* Release */,
			);
			defaultConfigurationIsVisible = 0;
			defaultConfigurationName = Release;
		};
		BB1027B31C2449AC0064B1A6 /* Build configuration list for PBXNativeTarget "PMCircleButton" */ = {
			isa = XCConfigurationList;
			buildConfigurations = (
				BB1027B41C2449AC0064B1A6 /* Debug */,
				BB1027B51C2449AC0064B1A6 /* Release */,
			);
			defaultConfigurationIsVisible = 0;
		};
/* End XCConfigurationList section */
	};
	rootObject = BB1027991C2449AC0064B1A6 /* Project object */;
}
